
Microsoft Visual Studio Solution File, Format Version 12.00
# Visual Studio Version 17
VisualStudioVersion = 17.4.33213.308
MinimumVisualStudioVersion = 10.0.40219.1
Project("{FAE04EC0-301F-11D3-BF4B-00C04F79EFBC}") = "football-league", "football-league\football-league.csproj", "{80310CF1-A221-4686-AF18-DE45D7CF7F1A}"
EndProject
Project("{FAE04EC0-301F-11D3-BF4B-00C04F79EFBC}") = "football-league.core", "football-league.core\football-league.core.csproj", "{9A41B08B-3F5D-49D0-B6B6-8CC211E78E0C}"
EndProject
Project("{FAE04EC0-301F-11D3-BF4B-00C04F79EFBC}") = "football-league.tests", "football-league.tests\football-league.tests.csproj", "{C180709E-A875-4B54-861E-1BD5A93BEA02}"
EndProject
Global
	GlobalSection(SolutionConfigurationPlatforms) = preSolution
		Debug|Any CPU = Debug|Any CPU
		Release|Any CPU = Release|Any CPU
	EndGlobalSection
	GlobalSection(ProjectConfigurationPlatforms) = postSolution
		{80310CF1-A221-4686-AF18-DE45D7CF7F1A}.Debug|Any CPU.ActiveCfg = Debug|Any CPU
		{80310CF1-A221-4686-AF18-DE45D7CF7F1A}.Debug|Any CPU.Build.0 = Debug|Any CPU
		{80310CF1-A221-4686-AF18-DE45D7CF7F1A}.Release|Any CPU.ActiveCfg = Release|Any CPU
		{80310CF1-A221-4686-AF18-DE45D7CF7F1A}.Release|Any CPU.Build.0 = Release|Any CPU
		{9A41B08B-3F5D-49D0-B6B6-8CC211E78E0C}.Debug|Any CPU.ActiveCfg = Debug|Any CPU
		{9A41B08B-3F5D-49D0-B6B6-8CC211E78E0C}.Debug|Any CPU.Build.0 = Debug|Any CPU
		{9A41B08B-3F5D-49D0-B6B6-8CC211E78E0C}.Release|Any CPU.ActiveCfg = Release|Any CPU
		{9A41B08B-3F5D-49D0-B6B6-8CC211E78E0C}.Release|Any CPU.Build.0 = Release|Any CPU
		{C180709E-A875-4B54-861E-1BD5A93BEA02}.Debug|Any CPU.ActiveCfg = Debug|Any CPU
		{C180709E-A875-4B54-861E-1BD5A93BEA02}.Debug|Any CPU.Build.0 = Debug|Any CPU
		{C180709E-A875-4B54-861E-1BD5A93BEA02}.Release|Any CPU.ActiveCfg = Release|Any CPU
		{C180709E-A875-4B54-861E-1BD5A93BEA02}.Release|Any CPU.Build.0 = Release|Any CPU
	EndGlobalSection
	GlobalSection(SolutionProperties) = preSolution
		HideSolutionNode = FALSE
	EndGlobalSection
	GlobalSection(ExtensibilityGlobals) = postSolution
		SolutionGuid = {9ED7AEAC-08E9-450A-A2F3-3E87EE03B007}
	EndGlobalSection
EndGlobal
